// !$*UTF8*$!
{
	archiveVersion = 1;
	classes = {
	};
	objectVersion = 46;
	objects = {

/* Begin PBXBuildFile section */
		670F3B7816D1481300B471D1 /* AFHTTPClient.m in Sources */ = {isa = PBXBuildFile; fileRef = 670F3B6616D1481300B471D1 /* AFHTTPClient.m */; };
		670F3B7916D1481300B471D1 /* AFHTTPRequestOperation.m in Sources */ = {isa = PBXBuildFile; fileRef = 670F3B6816D1481300B471D1 /* AFHTTPRequestOperation.m */; };
		670F3B7A16D1481300B471D1 /* AFImageRequestOperation.m in Sources */ = {isa = PBXBuildFile; fileRef = 670F3B6A16D1481300B471D1 /* AFImageRequestOperation.m */; };
		670F3B7B16D1481300B471D1 /* AFJSONRequestOperation.m in Sources */ = {isa = PBXBuildFile; fileRef = 670F3B6C16D1481300B471D1 /* AFJSONRequestOperation.m */; };
		670F3B7C16D1481300B471D1 /* AFNetworkActivityIndicatorManager.m in Sources */ = {isa = PBXBuildFile; fileRef = 670F3B6E16D1481300B471D1 /* AFNetworkActivityIndicatorManager.m */; };
		670F3B7D16D1481300B471D1 /* AFPropertyListRequestOperation.m in Sources */ = {isa = PBXBuildFile; fileRef = 670F3B7116D1481300B471D1 /* AFPropertyListRequestOperation.m */; };
		670F3B7E16D1481300B471D1 /* AFURLConnectionOperation.m in Sources */ = {isa = PBXBuildFile; fileRef = 670F3B7316D1481300B471D1 /* AFURLConnectionOperation.m */; };
		670F3B7F16D1481300B471D1 /* AFXMLRequestOperation.m in Sources */ = {isa = PBXBuildFile; fileRef = 670F3B7516D1481300B471D1 /* AFXMLRequestOperation.m */; };
		670F3B8016D1481300B471D1 /* UIImageView+AFNetworking.m in Sources */ = {isa = PBXBuildFile; fileRef = 670F3B7716D1481300B471D1 /* UIImageView+AFNetworking.m */; };
		678E529616D0510100B34D6F /* UIKit.framework in Frameworks */ = {isa = PBXBuildFile; fileRef = 678E529516D0510100B34D6F /* UIKit.framework */; };
		678E529816D0510100B34D6F /* Foundation.framework in Frameworks */ = {isa = PBXBuildFile; fileRef = 678E529716D0510100B34D6F /* Foundation.framework */; };
		678E529A16D0510100B34D6F /* CoreGraphics.framework in Frameworks */ = {isa = PBXBuildFile; fileRef = 678E529916D0510100B34D6F /* CoreGraphics.framework */; };
		678E52A016D0510100B34D6F /* InfoPlist.strings in Resources */ = {isa = PBXBuildFile; fileRef = 678E529E16D0510100B34D6F /* InfoPlist.strings */; };
		678E52A216D0510100B34D6F /* main.m in Sources */ = {isa = PBXBuildFile; fileRef = 678E52A116D0510100B34D6F /* main.m */; };
		678E52A616D0510100B34D6F /* AppDelegate.m in Sources */ = {isa = PBXBuildFile; fileRef = 678E52A516D0510100B34D6F /* AppDelegate.m */; };
		678E52A816D0510100B34D6F /* Default.png in Resources */ = {isa = PBXBuildFile; fileRef = 678E52A716D0510100B34D6F /* Default.png */; };
		678E52AA16D0510100B34D6F /* Default@2x.png in Resources */ = {isa = PBXBuildFile; fileRef = 678E52A916D0510100B34D6F /* Default@2x.png */; };
		678E52AC16D0510100B34D6F /* Default-568h@2x.png in Resources */ = {isa = PBXBuildFile; fileRef = 678E52AB16D0510100B34D6F /* Default-568h@2x.png */; };
		678E52AF16D0510100B34D6F /* MainStoryboard.storyboard in Resources */ = {isa = PBXBuildFile; fileRef = 678E52AD16D0510100B34D6F /* MainStoryboard.storyboard */; };
		678E52C516D07A3800B34D6F /* QuartzCore.framework in Frameworks */ = {isa = PBXBuildFile; fileRef = 678E52C416D07A3800B34D6F /* QuartzCore.framework */; };
		678E52CA16D07E8000B34D6F /* CustomDataSource.m in Sources */ = {isa = PBXBuildFile; fileRef = 678E52C916D07E8000B34D6F /* CustomDataSource.m */; };
		678E52E916D08A4000B34D6F /* data.json in Resources */ = {isa = PBXBuildFile; fileRef = 678E52DF16D08A4000B34D6F /* data.json */; };
		67BD6FCA19FC10110096820D /* MosaicLayout.m in Sources */ = {isa = PBXBuildFile; fileRef = 67BD6FC119FC10110096820D /* MosaicLayout.m */; };
		67BD6FCB19FC10110096820D /* MosaicData.m in Sources */ = {isa = PBXBuildFile; fileRef = 67BD6FC419FC10110096820D /* MosaicData.m */; };
		67BD6FCC19FC10110096820D /* MosaicCell.m in Sources */ = {isa = PBXBuildFile; fileRef = 67BD6FC919FC10110096820D /* MosaicCell.m */; };
		67C93E5317239BC0000CCB83 /* CustomViewController.m in Sources */ = {isa = PBXBuildFile; fileRef = 67C93E5217239BC0000CCB83 /* CustomViewController.m */; };
/* End PBXBuildFile section */

/* Begin PBXFileReference section */
		670F3B6516D1481300B471D1 /* AFHTTPClient.h */ = {isa = PBXFileReference; fileEncoding = 4; lastKnownFileType = sourcecode.c.h; path = AFHTTPClient.h; sourceTree = "<group>"; };
		670F3B6616D1481300B471D1 /* AFHTTPClient.m */ = {isa = PBXFileReference; fileEncoding = 4; lastKnownFileType = sourcecode.c.objc; path = AFHTTPClient.m; sourceTree = "<group>"; };
		670F3B6716D1481300B471D1 /* AFHTTPRequestOperation.h */ = {isa = PBXFileReference; fileEncoding = 4; lastKnownFileType = sourcecode.c.h; path = AFHTTPRequestOperation.h; sourceTree = "<group>"; };
		670F3B6816D1481300B471D1 /* AFHTTPRequestOperation.m */ = {isa = PBXFileReference; fileEncoding = 4; lastKnownFileType = sourcecode.c.objc; path = AFHTTPRequestOperation.m; sourceTree = "<group>"; };
		670F3B6916D1481300B471D1 /* AFImageRequestOperation.h */ = {isa = PBXFileReference; fileEncoding = 4; lastKnownFileType = sourcecode.c.h; path = AFImageRequestOperation.h; sourceTree = "<group>"; };
		670F3B6A16D1481300B471D1 /* AFImageRequestOperation.m */ = {isa = PBXFileReference; fileEncoding = 4; lastKnownFileType = sourcecode.c.objc; path = AFImageRequestOperation.m; sourceTree = "<group>"; };
		670F3B6B16D1481300B471D1 /* AFJSONRequestOperation.h */ = {isa = PBXFileReference; fileEncoding = 4; lastKnownFileType = sourcecode.c.h; path = AFJSONRequestOperation.h; sourceTree = "<group>"; };
		670F3B6C16D1481300B471D1 /* AFJSONRequestOperation.m */ = {isa = PBXFileReference; fileEncoding = 4; lastKnownFileType = sourcecode.c.objc; path = AFJSONRequestOperation.m; sourceTree = "<group>"; };
		670F3B6D16D1481300B471D1 /* AFNetworkActivityIndicatorManager.h */ = {isa = PBXFileReference; fileEncoding = 4; lastKnownFileType = sourcecode.c.h; path = AFNetworkActivityIndicatorManager.h; sourceTree = "<group>"; };
		670F3B6E16D1481300B471D1 /* AFNetworkActivityIndicatorManager.m */ = {isa = PBXFileReference; fileEncoding = 4; lastKnownFileType = sourcecode.c.objc; path = AFNetworkActivityIndicatorManager.m; sourceTree = "<group>"; };
		670F3B6F16D1481300B471D1 /* AFNetworking.h */ = {isa = PBXFileReference; fileEncoding = 4; lastKnownFileType = sourcecode.c.h; path = AFNetworking.h; sourceTree = "<group>"; };
		670F3B7016D1481300B471D1 /* AFPropertyListRequestOperation.h */ = {isa = PBXFileReference; fileEncoding = 4; lastKnownFileType = sourcecode.c.h; path = AFPropertyListRequestOperation.h; sourceTree = "<group>"; };
		670F3B7116D1481300B471D1 /* AFPropertyListRequestOperation.m */ = {isa = PBXFileReference; fileEncoding = 4; lastKnownFileType = sourcecode.c.objc; path = AFPropertyListRequestOperation.m; sourceTree = "<group>"; };
		670F3B7216D1481300B471D1 /* AFURLConnectionOperation.h */ = {isa = PBXFileReference; fileEncoding = 4; lastKnownFileType = sourcecode.c.h; path = AFURLConnectionOperation.h; sourceTree = "<group>"; };
		670F3B7316D1481300B471D1 /* AFURLConnectionOperation.m */ = {isa = PBXFileReference; fileEncoding = 4; lastKnownFileType = sourcecode.c.objc; path = AFURLConnectionOperation.m; sourceTree = "<group>"; };
		670F3B7416D1481300B471D1 /* AFXMLRequestOperation.h */ = {isa = PBXFileReference; fileEncoding = 4; lastKnownFileType = sourcecode.c.h; path = AFXMLRequestOperation.h; sourceTree = "<group>"; };
		670F3B7516D1481300B471D1 /* AFXMLRequestOperation.m */ = {isa = PBXFileReference; fileEncoding = 4; lastKnownFileType = sourcecode.c.objc; path = AFXMLRequestOperation.m; sourceTree = "<group>"; };
		670F3B7616D1481300B471D1 /* UIImageView+AFNetworking.h */ = {isa = PBXFileReference; fileEncoding = 4; lastKnownFileType = sourcecode.c.h; path = "UIImageView+AFNetworking.h"; sourceTree = "<group>"; };
		670F3B7716D1481300B471D1 /* UIImageView+AFNetworking.m */ = {isa = PBXFileReference; fileEncoding = 4; lastKnownFileType = sourcecode.c.objc; path = "UIImageView+AFNetworking.m"; sourceTree = "<group>"; };
		678E529216D0510100B34D6F /* MosaicCollectionView.app */ = {isa = PBXFileReference; explicitFileType = wrapper.application; includeInIndex = 0; path = MosaicCollectionView.app; sourceTree = BUILT_PRODUCTS_DIR; };
		678E529516D0510100B34D6F /* UIKit.framework */ = {isa = PBXFileReference; lastKnownFileType = wrapper.framework; name = UIKit.framework; path = System/Library/Frameworks/UIKit.framework; sourceTree = SDKROOT; };
		678E529716D0510100B34D6F /* Foundation.framework */ = {isa = PBXFileReference; lastKnownFileType = wrapper.framework; name = Foundation.framework; path = System/Library/Frameworks/Foundation.framework; sourceTree = SDKROOT; };
		678E529916D0510100B34D6F /* CoreGraphics.framework */ = {isa = PBXFileReference; lastKnownFileType = wrapper.framework; name = CoreGraphics.framework; path = System/Library/Frameworks/CoreGraphics.framework; sourceTree = SDKROOT; };
		678E529D16D0510100B34D6F /* MosaicCollectionView-Info.plist */ = {isa = PBXFileReference; lastKnownFileType = text.plist.xml; path = "MosaicCollectionView-Info.plist"; sourceTree = "<group>"; };
		678E529F16D0510100B34D6F /* en */ = {isa = PBXFileReference; lastKnownFileType = text.plist.strings; name = en; path = en.lproj/InfoPlist.strings; sourceTree = "<group>"; };
		678E52A116D0510100B34D6F /* main.m */ = {isa = PBXFileReference; lastKnownFileType = sourcecode.c.objc; path = main.m; sourceTree = "<group>"; };
		678E52A316D0510100B34D6F /* MosaicCollectionView-Prefix.pch */ = {isa = PBXFileReference; lastKnownFileType = sourcecode.c.h; path = "MosaicCollectionView-Prefix.pch"; sourceTree = "<group>"; };
		678E52A416D0510100B34D6F /* AppDelegate.h */ = {isa = PBXFileReference; lastKnownFileType = sourcecode.c.h; path = AppDelegate.h; sourceTree = "<group>"; };
		678E52A516D0510100B34D6F /* AppDelegate.m */ = {isa = PBXFileReference; lastKnownFileType = sourcecode.c.objc; path = AppDelegate.m; sourceTree = "<group>"; };
		678E52A716D0510100B34D6F /* Default.png */ = {isa = PBXFileReference; lastKnownFileType = image.png; path = Default.png; sourceTree = "<group>"; };
		678E52A916D0510100B34D6F /* Default@2x.png */ = {isa = PBXFileReference; lastKnownFileType = image.png; path = "Default@2x.png"; sourceTree = "<group>"; };
		678E52AB16D0510100B34D6F /* Default-568h@2x.png */ = {isa = PBXFileReference; lastKnownFileType = image.png; path = "Default-568h@2x.png"; sourceTree = "<group>"; };
		678E52AE16D0510100B34D6F /* en */ = {isa = PBXFileReference; lastKnownFileType = file.storyboard; name = en; path = en.lproj/MainStoryboard.storyboard; sourceTree = "<group>"; };
		678E52C416D07A3800B34D6F /* QuartzCore.framework */ = {isa = PBXFileReference; lastKnownFileType = wrapper.framework; name = QuartzCore.framework; path = System/Library/Frameworks/QuartzCore.framework; sourceTree = SDKROOT; };
		678E52C816D07E8000B34D6F /* CustomDataSource.h */ = {isa = PBXFileReference; fileEncoding = 4; lastKnownFileType = sourcecode.c.h; name = CustomDataSource.h; path = Classes/Logic/CustomDataSource.h; sourceTree = "<group>"; };
		678E52C916D07E8000B34D6F /* CustomDataSource.m */ = {isa = PBXFileReference; fileEncoding = 4; lastKnownFileType = sourcecode.c.objc; name = CustomDataSource.m; path = Classes/Logic/CustomDataSource.m; sourceTree = "<group>"; };
		678E52DF16D08A4000B34D6F /* data.json */ = {isa = PBXFileReference; fileEncoding = 4; lastKnownFileType = text.json; path = data.json; sourceTree = "<group>"; };
		67BD6FC019FC10110096820D /* MosaicLayout.h */ = {isa = PBXFileReference; fileEncoding = 4; lastKnownFileType = sourcecode.c.h; path = MosaicLayout.h; sourceTree = "<group>"; };
		67BD6FC119FC10110096820D /* MosaicLayout.m */ = {isa = PBXFileReference; fileEncoding = 4; lastKnownFileType = sourcecode.c.objc; path = MosaicLayout.m; sourceTree = "<group>"; };
		67BD6FC319FC10110096820D /* MosaicData.h */ = {isa = PBXFileReference; fileEncoding = 4; lastKnownFileType = sourcecode.c.h; path = MosaicData.h; sourceTree = "<group>"; };
		67BD6FC419FC10110096820D /* MosaicData.m */ = {isa = PBXFileReference; fileEncoding = 4; lastKnownFileType = sourcecode.c.objc; path = MosaicData.m; sourceTree = "<group>"; };
		67BD6FC619FC10110096820D /* MosaicLayoutDelegate.h */ = {isa = PBXFileReference; fileEncoding = 4; lastKnownFileType = sourcecode.c.h; path = MosaicLayoutDelegate.h; sourceTree = "<group>"; };
		67BD6FC819FC10110096820D /* MosaicCell.h */ = {isa = PBXFileReference; fileEncoding = 4; lastKnownFileType = sourcecode.c.h; path = MosaicCell.h; sourceTree = "<group>"; };
		67BD6FC919FC10110096820D /* MosaicCell.m */ = {isa = PBXFileReference; fileEncoding = 4; lastKnownFileType = sourcecode.c.objc; path = MosaicCell.m; sourceTree = "<group>"; };
		67C93E5117239BC0000CCB83 /* CustomViewController.h */ = {isa = PBXFileReference; fileEncoding = 4; lastKnownFileType = sourcecode.c.h; path = CustomViewController.h; sourceTree = "<group>"; };
		67C93E5217239BC0000CCB83 /* CustomViewController.m */ = {isa = PBXFileReference; fileEncoding = 4; lastKnownFileType = sourcecode.c.objc; path = CustomViewController.m; sourceTree = "<group>"; };
/* End PBXFileReference section */

/* Begin PBXFrameworksBuildPhase section */
		678E528F16D0510100B34D6F /* Frameworks */ = {
			isa = PBXFrameworksBuildPhase;
			buildActionMask = 2147483647;
			files = (
				678E52C516D07A3800B34D6F /* QuartzCore.framework in Frameworks */,
				678E529616D0510100B34D6F /* UIKit.framework in Frameworks */,
				678E529816D0510100B34D6F /* Foundation.framework in Frameworks */,
				678E529A16D0510100B34D6F /* CoreGraphics.framework in Frameworks */,
			);
			runOnlyForDeploymentPostprocessing = 0;
		};
/* End PBXFrameworksBuildPhase section */

/* Begin PBXGroup section */
		670F3B6316D1481200B471D1 /* Libs */ = {
			isa = PBXGroup;
			children = (
				670F3B6416D1481300B471D1 /* AFNetworking */,
			);
			path = Libs;
			sourceTree = "<group>";
		};
		670F3B6416D1481300B471D1 /* AFNetworking */ = {
			isa = PBXGroup;
			children = (
				670F3B6516D1481300B471D1 /* AFHTTPClient.h */,
				670F3B6616D1481300B471D1 /* AFHTTPClient.m */,
				670F3B6716D1481300B471D1 /* AFHTTPRequestOperation.h */,
				670F3B6816D1481300B471D1 /* AFHTTPRequestOperation.m */,
				670F3B6916D1481300B471D1 /* AFImageRequestOperation.h */,
				670F3B6A16D1481300B471D1 /* AFImageRequestOperation.m */,
				670F3B6B16D1481300B471D1 /* AFJSONRequestOperation.h */,
				670F3B6C16D1481300B471D1 /* AFJSONRequestOperation.m */,
				670F3B6D16D1481300B471D1 /* AFNetworkActivityIndicatorManager.h */,
				670F3B6E16D1481300B471D1 /* AFNetworkActivityIndicatorManager.m */,
				670F3B6F16D1481300B471D1 /* AFNetworking.h */,
				670F3B7016D1481300B471D1 /* AFPropertyListRequestOperation.h */,
				670F3B7116D1481300B471D1 /* AFPropertyListRequestOperation.m */,
				670F3B7216D1481300B471D1 /* AFURLConnectionOperation.h */,
				670F3B7316D1481300B471D1 /* AFURLConnectionOperation.m */,
				670F3B7416D1481300B471D1 /* AFXMLRequestOperation.h */,
				670F3B7516D1481300B471D1 /* AFXMLRequestOperation.m */,
				670F3B7616D1481300B471D1 /* UIImageView+AFNetworking.h */,
				670F3B7716D1481300B471D1 /* UIImageView+AFNetworking.m */,
			);
			path = AFNetworking;
			sourceTree = "<group>";
		};
		678E528916D0510100B34D6F = {
			isa = PBXGroup;
			children = (
				678E529B16D0510100B34D6F /* MosaicCollectionView */,
				678E529416D0510100B34D6F /* Frameworks */,
				678E529316D0510100B34D6F /* Products */,
			);
			sourceTree = "<group>";
		};
		678E529316D0510100B34D6F /* Products */ = {
			isa = PBXGroup;
			children = (
				678E529216D0510100B34D6F /* MosaicCollectionView.app */,
			);
			name = Products;
			sourceTree = "<group>";
		};
		678E529416D0510100B34D6F /* Frameworks */ = {
			isa = PBXGroup;
			children = (
				678E52C416D07A3800B34D6F /* QuartzCore.framework */,
				678E529516D0510100B34D6F /* UIKit.framework */,
				678E529716D0510100B34D6F /* Foundation.framework */,
				678E529916D0510100B34D6F /* CoreGraphics.framework */,
			);
			name = Frameworks;
			sourceTree = "<group>";
		};
		678E529B16D0510100B34D6F /* MosaicCollectionView */ = {
			isa = PBXGroup;
			children = (
				67BD6FBE19FC10110096820D /* MosaicLayout */,
				670F3B6316D1481200B471D1 /* Libs */,
				678E52CC16D081CB00B34D6F /* Resources */,
				678E52A416D0510100B34D6F /* AppDelegate.h */,
				678E52A516D0510100B34D6F /* AppDelegate.m */,
				678E52AD16D0510100B34D6F /* MainStoryboard.storyboard */,
				678E52BB16D0535B00B34D6F /* Classes */,
				678E529C16D0510100B34D6F /* Supporting Files */,
			);
			path = MosaicCollectionView;
			sourceTree = "<group>";
		};
		678E529C16D0510100B34D6F /* Supporting Files */ = {
			isa = PBXGroup;
			children = (
				678E529D16D0510100B34D6F /* MosaicCollectionView-Info.plist */,
				678E529E16D0510100B34D6F /* InfoPlist.strings */,
				678E52A116D0510100B34D6F /* main.m */,
				678E52A316D0510100B34D6F /* MosaicCollectionView-Prefix.pch */,
				678E52A716D0510100B34D6F /* Default.png */,
				678E52A916D0510100B34D6F /* Default@2x.png */,
				678E52AB16D0510100B34D6F /* Default-568h@2x.png */,
			);
			name = "Supporting Files";
			sourceTree = "<group>";
		};
		678E52BB16D0535B00B34D6F /* Classes */ = {
			isa = PBXGroup;
			children = (
				678E52BD16D066BC00B34D6F /* Controllers */,
				678E52CB16D07E8300B34D6F /* Logic */,
			);
			name = Classes;
			sourceTree = "<group>";
		};
		678E52BD16D066BC00B34D6F /* Controllers */ = {
			isa = PBXGroup;
			children = (
				67C93E5117239BC0000CCB83 /* CustomViewController.h */,
				67C93E5217239BC0000CCB83 /* CustomViewController.m */,
			);
			name = Controllers;
			path = Classes/Controllers;
			sourceTree = "<group>";
		};
		678E52CB16D07E8300B34D6F /* Logic */ = {
			isa = PBXGroup;
			children = (
				678E52C816D07E8000B34D6F /* CustomDataSource.h */,
				678E52C916D07E8000B34D6F /* CustomDataSource.m */,
			);
			name = Logic;
			sourceTree = "<group>";
		};
		678E52CC16D081CB00B34D6F /* Resources */ = {
			isa = PBXGroup;
			children = (
				678E52DF16D08A4000B34D6F /* data.json */,
			);
			path = Resources;
			sourceTree = "<group>";
		};
		67BD6FBE19FC10110096820D /* MosaicLayout */ = {
			isa = PBXGroup;
			children = (
				67BD6FBF19FC10110096820D /* Controllers */,
				67BD6FC219FC10110096820D /* Entities */,
				67BD6FC519FC10110096820D /* Protocols */,
				67BD6FC719FC10110096820D /* Views */,
			);
			path = MosaicLayout;
			sourceTree = SOURCE_ROOT;
		};
		67BD6FBF19FC10110096820D /* Controllers */ = {
			isa = PBXGroup;
			children = (
				67BD6FC019FC10110096820D /* MosaicLayout.h */,
				67BD6FC119FC10110096820D /* MosaicLayout.m */,
			);
			path = Controllers;
			sourceTree = "<group>";
		};
		67BD6FC219FC10110096820D /* Entities */ = {
			isa = PBXGroup;
			children = (
				67BD6FC319FC10110096820D /* MosaicData.h */,
				67BD6FC419FC10110096820D /* MosaicData.m */,
			);
			path = Entities;
			sourceTree = "<group>";
		};
		67BD6FC519FC10110096820D /* Protocols */ = {
			isa = PBXGroup;
			children = (
				67BD6FC619FC10110096820D /* MosaicLayoutDelegate.h */,
			);
			path = Protocols;
			sourceTree = "<group>";
		};
		67BD6FC719FC10110096820D /* Views */ = {
			isa = PBXGroup;
			children = (
				67BD6FC819FC10110096820D /* MosaicCell.h */,
				67BD6FC919FC10110096820D /* MosaicCell.m */,
			);
			path = Views;
			sourceTree = "<group>";
		};
/* End PBXGroup section */

/* Begin PBXNativeTarget section */
		678E529116D0510100B34D6F /* MosaicCollectionView */ = {
			isa = PBXNativeTarget;
			buildConfigurationList = 678E52B516D0510100B34D6F /* Build configuration list for PBXNativeTarget "MosaicCollectionView" */;
			buildPhases = (
				678E528E16D0510100B34D6F /* Sources */,
				678E528F16D0510100B34D6F /* Frameworks */,
				678E529016D0510100B34D6F /* Resources */,
			);
			buildRules = (
			);
			dependencies = (
			);
			name = MosaicCollectionView;
			productName = MosaicCollectionView;
			productReference = 678E529216D0510100B34D6F /* MosaicCollectionView.app */;
			productType = "com.apple.product-type.application";
		};
/* End PBXNativeTarget section */

/* Begin PBXProject section */
		678E528A16D0510100B34D6F /* Project object */ = {
			isa = PBXProject;
			attributes = {
				LastUpgradeCheck = 0460;
				ORGANIZATIONNAME = Betzerra;
			};
			buildConfigurationList = 678E528D16D0510100B34D6F /* Build configuration list for PBXProject "MosaicCollectionView" */;
			compatibilityVersion = "Xcode 3.2";
			developmentRegion = English;
			hasScannedForEncodings = 0;
			knownRegions = (
				en,
			);
			mainGroup = 678E528916D0510100B34D6F;
			productRefGroup = 678E529316D0510100B34D6F /* Products */;
			projectDirPath = "";
			projectRoot = "";
			targets = (
				678E529116D0510100B34D6F /* MosaicCollectionView */,
			);
		};
/* End PBXProject section */

/* Begin PBXResourcesBuildPhase section */
		678E529016D0510100B34D6F /* Resources */ = {
			isa = PBXResourcesBuildPhase;
			buildActionMask = 2147483647;
			files = (
				678E52A016D0510100B34D6F /* InfoPlist.strings in Resources */,
				678E52A816D0510100B34D6F /* Default.png in Resources */,
				678E52AA16D0510100B34D6F /* Default@2x.png in Resources */,
				678E52AC16D0510100B34D6F /* Default-568h@2x.png in Resources */,
				678E52AF16D0510100B34D6F /* MainStoryboard.storyboard in Resources */,
				678E52E916D08A4000B34D6F /* data.json in Resources */,
			);
			runOnlyForDeploymentPostprocessing = 0;
		};
/* End PBXResourcesBuildPhase section */

/* Begin PBXSourcesBuildPhase section */
		678E528E16D0510100B34D6F /* Sources */ = {
			isa = PBXSourcesBuildPhase;
			buildActionMask = 2147483647;
			files = (
				678E52A216D0510100B34D6F /* main.m in Sources */,
				678E52A616D0510100B34D6F /* AppDelegate.m in Sources */,
				678E52CA16D07E8000B34D6F /* CustomDataSource.m in Sources */,
				67BD6FCC19FC10110096820D /* MosaicCell.m in Sources */,
				670F3B7816D1481300B471D1 /* AFHTTPClient.m in Sources */,
				670F3B7916D1481300B471D1 /* AFHTTPRequestOperation.m in Sources */,
				670F3B7A16D1481300B471D1 /* AFImageRequestOperation.m in Sources */,
				670F3B7B16D1481300B471D1 /* AFJSONRequestOperation.m in Sources */,
				67BD6FCA19FC10110096820D /* MosaicLayout.m in Sources */,
				67BD6FCB19FC10110096820D /* MosaicData.m in Sources */,
				670F3B7C16D1481300B471D1 /* AFNetworkActivityIndicatorManager.m in Sources */,
				670F3B7D16D1481300B471D1 /* AFPropertyListRequestOperation.m in Sources */,
				670F3B7E16D1481300B471D1 /* AFURLConnectionOperation.m in Sources */,
				670F3B7F16D1481300B471D1 /* AFXMLRequestOperation.m in Sources */,
				670F3B8016D1481300B471D1 /* UIImageView+AFNetworking.m in Sources */,
				67C93E5317239BC0000CCB83 /* CustomViewController.m in Sources */,
			);
			runOnlyForDeploymentPostprocessing = 0;
		};
/* End PBXSourcesBuildPhase section */

/* Begin PBXVariantGroup section */
		678E529E16D0510100B34D6F /* InfoPlist.strings */ = {
			isa = PBXVariantGroup;
			children = (
				678E529F16D0510100B34D6F /* en */,
			);
			name = InfoPlist.strings;
			sourceTree = "<group>";
		};
		678E52AD16D0510100B34D6F /* MainStoryboard.storyboard */ = {
			isa = PBXVariantGroup;
			children = (
				678E52AE16D0510100B34D6F /* en */,
			);
			name = MainStoryboard.storyboard;
			sourceTree = "<group>";
		};
/* End PBXVariantGroup section */

/* Begin XCBuildConfiguration section */
		678E52B316D0510100B34D6F /* Debug */ = {
			isa = XCBuildConfiguration;
			buildSettings = {
				ALWAYS_SEARCH_USER_PATHS = NO;
				CLANG_CXX_LANGUAGE_STANDARD = "gnu++0x";
				CLANG_CXX_LIBRARY = "libc++";
				CLANG_ENABLE_OBJC_ARC = YES;
				CLANG_WARN_CONSTANT_CONVERSION = YES;
				CLANG_WARN_EMPTY_BODY = YES;
				CLANG_WARN_ENUM_CONVERSION = YES;
				CLANG_WARN_INT_CONVERSION = YES;
				CLANG_WARN__DUPLICATE_METHOD_MATCH = YES;
				"CODE_SIGN_IDENTITY[sdk=iphoneos*]" = "iPhone Developer";
				COPY_PHASE_STRIP = NO;
				GCC_C_LANGUAGE_STANDARD = gnu99;
				GCC_DYNAMIC_NO_PIC = NO;
				GCC_OPTIMIZATION_LEVEL = 0;
				GCC_PREPROCESSOR_DEFINITIONS = (
					"DEBUG=1",
					"$(inherited)",
				);
				GCC_SYMBOLS_PRIVATE_EXTERN = NO;
				GCC_WARN_ABOUT_RETURN_TYPE = YES;
				GCC_WARN_UNINITIALIZED_AUTOS = YES;
				GCC_WARN_UNUSED_VARIABLE = YES;
				IPHONEOS_DEPLOYMENT_TARGET = 6.1;
				ONLY_ACTIVE_ARCH = YES;
				SDKROOT = iphoneos;
			};
			name = Debug;
		};
		678E52B416D0510100B34D6F /* Release */ = {
			isa = XCBuildConfiguration;
			buildSettings = {
				ALWAYS_SEARCH_USER_PATHS = NO;
				CLANG_CXX_LANGUAGE_STANDARD = "gnu++0x";
				CLANG_CXX_LIBRARY = "libc++";
				CLANG_ENABLE_OBJC_ARC = YES;
				CLANG_WARN_CONSTANT_CONVERSION = YES;
				CLANG_WARN_EMPTY_BODY = YES;
				CLANG_WARN_ENUM_CONVERSION = YES;
				CLANG_WARN_INT_CONVERSION = YES;
				CLANG_WARN__DUPLICATE_METHOD_MATCH = YES;
				"CODE_SIGN_IDENTITY[sdk=iphoneos*]" = "iPhone Developer";
				COPY_PHASE_STRIP = YES;
				GCC_C_LANGUAGE_STANDARD = gnu99;
				GCC_WARN_ABOUT_RETURN_TYPE = YES;
				GCC_WARN_UNINITIALIZED_AUTOS = YES;
				GCC_WARN_UNUSED_VARIABLE = YES;
				IPHONEOS_DEPLOYMENT_TARGET = 6.1;
				OTHER_CFLAGS = "-DNS_BLOCK_ASSERTIONS=1";
				SDKROOT = iphoneos;
				VALIDATE_PRODUCT = YES;
			};
			name = Release;
		};
		678E52B616D0510100B34D6F /* Debug */ = {
			isa = XCBuildConfiguration;
			buildSettings = {
				GCC_PRECOMPILE_PREFIX_HEADER = YES;
				GCC_PREFIX_HEADER = "MosaicCollectionView/MosaicCollectionView-Prefix.pch";
				INFOPLIST_FILE = "MosaicCollectionView/MosaicCollectionView-Info.plist";
				IPHONEOS_DEPLOYMENT_TARGET = 7.0;
				PRODUCT_NAME = "$(TARGET_NAME)";
				TARGETED_DEVICE_FAMILY = "1,2";
				WRAPPER_EXTENSION = app;
			};
			name = Debug;
		};
		678E52B716D0510100B34D6F /* Release */ = {
			isa = XCBuildConfiguration;
			buildSettings = {
				GCC_PRECOMPILE_PREFIX_HEADER = YES;
				GCC_PREFIX_HEADER = "MosaicCollectionView/MosaicCollectionView-Prefix.pch";
				INFOPLIST_FILE = "MosaicCollectionView/MosaicCollectionView-Info.plist";
				IPHONEOS_DEPLOYMENT_TARGET = 7.0;
				PRODUCT_NAME = "$(TARGET_NAME)";
				TARGETED_DEVICE_FAMILY = "1,2";
				WRAPPER_EXTENSION = app;
			};
			name = Release;
		};
/* End XCBuildConfiguration section */

/* Begin XCConfigurationList section */
		678E528D16D0510100B34D6F /* Build configuration list for PBXProject "MosaicCollectionView" */ = {
			isa = XCConfigurationList;
			buildConfigurations = (
				678E52B316D0510100B34D6F /* Debug */,
				678E52B416D0510100B34D6F /* Release */,
			);
			defaultConfigurationIsVisible = 0;
			defaultConfigurationName = Release;
		};
		678E52B516D0510100B34D6F /* Build configuration list for PBXNativeTarget "MosaicCollectionView" */ = {
			isa = XCConfigurationList;
			buildConfigurations = (
				678E52B616D0510100B34D6F /* Debug */,
				678E52B716D0510100B34D6F /* Release */,
			);
			defaultConfigurationIsVisible = 0;
			defaultConfigurationName = Release;
		};
/* End XCConfigurationList section */
	};
	rootObject = 678E528A16D0510100B34D6F /* Project object */;
}
